
Microsoft Visual Studio Solution File, Format Version 12.00
# Visual Studio Version 17
VisualStudioVersion = 17.11.35312.102
MinimumVisualStudioVersion = 10.0.40219.1
Project("{FAE04EC0-301F-11D3-BF4B-00C04F79EFBC}") = "20241029飲料", "20241029飲料\20241029飲料.csproj", "{7E33FD9E-7D75-46E4-A0C9-B0D7F0D2F56B}"
EndProject
Global
	GlobalSection(SolutionConfigurationPlatforms) = preSolution
		Debug|Any CPU = Debug|Any CPU
		Release|Any CPU = Release|Any CPU
	EndGlobalSection
	GlobalSection(ProjectConfigurationPlatforms) = postSolution
		{7E33FD9E-7D75-46E4-A0C9-B0D7F0D2F56B}.Debug|Any CPU.ActiveCfg = Debug|Any CPU
		{7E33FD9E-7D75-46E4-A0C9-B0D7F0D2F56B}.Debug|Any CPU.Build.0 = Debug|Any CPU
		{7E33FD9E-7D75-46E4-A0C9-B0D7F0D2F56B}.Release|Any CPU.ActiveCfg = Release|Any CPU
		{7E33FD9E-7D75-46E4-A0C9-B0D7F0D2F56B}.Release|Any CPU.Build.0 = Release|Any CPU
	EndGlobalSection
	GlobalSection(SolutionProperties) = preSolution
		HideSolutionNode = FALSE
	EndGlobalSection
	GlobalSection(ExtensibilityGlobals) = postSolution
		SolutionGuid = {DD1FC7B8-1141-41FC-8FEF-42209CAE02BC}
	EndGlobalSection
EndGlobal
